// !$*UTF8*$!
{
	archiveVersion = 1;
	classes = {
	};
	objectVersion = 55;
	objects = {

/* Begin PBXBuildFile section */
		030EB84429206F45001588F7 /* menuDetailViewController.swift in Sources */ = {isa = PBXBuildFile; fileRef = 030EB84329206F45001588F7 /* menuDetailViewController.swift */; };
		030EB8462920760B001588F7 /* reference.swift in Sources */ = {isa = PBXBuildFile; fileRef = 030EB8452920760B001588F7 /* reference.swift */; };
		030EB848292079FC001588F7 /* networkService.swift in Sources */ = {isa = PBXBuildFile; fileRef = 030EB847292079FC001588F7 /* networkService.swift */; };
		030EB84A29209FAE001588F7 /* Orders.swift in Sources */ = {isa = PBXBuildFile; fileRef = 030EB84929209FAE001588F7 /* Orders.swift */; };
		030EB84C2920A174001588F7 /* PayViewController.swift in Sources */ = {isa = PBXBuildFile; fileRef = 030EB84B2920A174001588F7 /* PayViewController.swift */; };
		030EB84F2920AC52001588F7 /* orderTableViewCell.swift in Sources */ = {isa = PBXBuildFile; fileRef = 030EB84D2920AC52001588F7 /* orderTableViewCell.swift */; };
		030EB8502920AC52001588F7 /* orderTableViewCell.xib in Resources */ = {isa = PBXBuildFile; fileRef = 030EB84E2920AC52001588F7 /* orderTableViewCell.xib */; };
		03F375022920424D0080C101 /* AppDelegate.swift in Sources */ = {isa = PBXBuildFile; fileRef = 03F375012920424D0080C101 /* AppDelegate.swift */; };
		03F375042920424D0080C101 /* SceneDelegate.swift in Sources */ = {isa = PBXBuildFile; fileRef = 03F375032920424D0080C101 /* SceneDelegate.swift */; };
		03F375062920424D0080C101 /* ViewController.swift in Sources */ = {isa = PBXBuildFile; fileRef = 03F375052920424D0080C101 /* ViewController.swift */; };
		03F375092920424D0080C101 /* Main.storyboard in Resources */ = {isa = PBXBuildFile; fileRef = 03F375072920424D0080C101 /* Main.storyboard */; };
		03F3750B2920424E0080C101 /* Assets.xcassets in Resources */ = {isa = PBXBuildFile; fileRef = 03F3750A2920424E0080C101 /* Assets.xcassets */; };
		03F3750E2920424E0080C101 /* LaunchScreen.storyboard in Resources */ = {isa = PBXBuildFile; fileRef = 03F3750C2920424E0080C101 /* LaunchScreen.storyboard */; };
		03F37517292043890080C101 /* menuViewDrink.swift in Sources */ = {isa = PBXBuildFile; fileRef = 03F37515292043890080C101 /* menuViewDrink.swift */; };
		03F37518292043890080C101 /* menuViewDrink.xib in Resources */ = {isa = PBXBuildFile; fileRef = 03F37516292043890080C101 /* menuViewDrink.xib */; };
		03F3751B292043980080C101 /* menuViewFood.swift in Sources */ = {isa = PBXBuildFile; fileRef = 03F37519292043980080C101 /* menuViewFood.swift */; };
		03F3751C292043980080C101 /* menuViewFood.xib in Resources */ = {isa = PBXBuildFile; fileRef = 03F3751A292043980080C101 /* menuViewFood.xib */; };
		03F3751F29205A6E0080C101 /* menuTableViewCell.swift in Sources */ = {isa = PBXBuildFile; fileRef = 03F3751D29205A6E0080C101 /* menuTableViewCell.swift */; };
		03F3752029205A6E0080C101 /* menuTableViewCell.xib in Resources */ = {isa = PBXBuildFile; fileRef = 03F3751E29205A6E0080C101 /* menuTableViewCell.xib */; };
		03F3752229205CF60080C101 /* menuModel.swift in Sources */ = {isa = PBXBuildFile; fileRef = 03F3752129205CF60080C101 /* menuModel.swift */; };
		03F3752529205F890080C101 /* menuViewTest.swift in Sources */ = {isa = PBXBuildFile; fileRef = 03F3752329205F890080C101 /* menuViewTest.swift */; };
		03F3752629205F890080C101 /* menuViewTest.xib in Resources */ = {isa = PBXBuildFile; fileRef = 03F3752429205F890080C101 /* menuViewTest.xib */; };
		03F37528292061940080C101 /* orderViewController.swift in Sources */ = {isa = PBXBuildFile; fileRef = 03F37527292061940080C101 /* orderViewController.swift */; };
/* End PBXBuildFile section */

/* Begin PBXFileReference section */
		030EB84329206F45001588F7 /* menuDetailViewController.swift */ = {isa = PBXFileReference; lastKnownFileType = sourcecode.swift; path = menuDetailViewController.swift; sourceTree = "<group>"; };
		030EB8452920760B001588F7 /* reference.swift */ = {isa = PBXFileReference; lastKnownFileType = sourcecode.swift; path = reference.swift; sourceTree = "<group>"; };
		030EB847292079FC001588F7 /* networkService.swift */ = {isa = PBXFileReference; lastKnownFileType = sourcecode.swift; path = networkService.swift; sourceTree = "<group>"; };
		030EB84929209FAE001588F7 /* Orders.swift */ = {isa = PBXFileReference; lastKnownFileType = sourcecode.swift; path = Orders.swift; sourceTree = "<group>"; };
		030EB84B2920A174001588F7 /* PayViewController.swift */ = {isa = PBXFileReference; lastKnownFileType = sourcecode.swift; path = PayViewController.swift; sourceTree = "<group>"; };
		030EB84D2920AC52001588F7 /* orderTableViewCell.swift */ = {isa = PBXFileReference; lastKnownFileType = sourcecode.swift; path = orderTableViewCell.swift; sourceTree = "<group>"; };
		030EB84E2920AC52001588F7 /* orderTableViewCell.xib */ = {isa = PBXFileReference; lastKnownFileType = file.xib; path = orderTableViewCell.xib; sourceTree = "<group>"; };
		03F374FE2920424D0080C101 /* starbuckOrderMock.app */ = {isa = PBXFileReference; explicitFileType = wrapper.application; includeInIndex = 0; path = starbuckOrderMock.app; sourceTree = BUILT_PRODUCTS_DIR; };
		03F375012920424D0080C101 /* AppDelegate.swift */ = {isa = PBXFileReference; lastKnownFileType = sourcecode.swift; path = AppDelegate.swift; sourceTree = "<group>"; };
		03F375032920424D0080C101 /* SceneDelegate.swift */ = {isa = PBXFileReference; lastKnownFileType = sourcecode.swift; path = SceneDelegate.swift; sourceTree = "<group>"; };
		03F375052920424D0080C101 /* ViewController.swift */ = {isa = PBXFileReference; lastKnownFileType = sourcecode.swift; path = ViewController.swift; sourceTree = "<group>"; };
		03F375082920424D0080C101 /* Base */ = {isa = PBXFileReference; lastKnownFileType = file.storyboard; name = Base; path = Base.lproj/Main.storyboard; sourceTree = "<group>"; };
		03F3750A2920424E0080C101 /* Assets.xcassets */ = {isa = PBXFileReference; lastKnownFileType = folder.assetcatalog; path = Assets.xcassets; sourceTree = "<group>"; };
		03F3750D2920424E0080C101 /* Base */ = {isa = PBXFileReference; lastKnownFileType = file.storyboard; name = Base; path = Base.lproj/LaunchScreen.storyboard; sourceTree = "<group>"; };
		03F3750F2920424E0080C101 /* Info.plist */ = {isa = PBXFileReference; lastKnownFileType = text.plist.xml; path = Info.plist; sourceTree = "<group>"; };
		03F37515292043890080C101 /* menuViewDrink.swift */ = {isa = PBXFileReference; lastKnownFileType = sourcecode.swift; path = menuViewDrink.swift; sourceTree = "<group>"; };
		03F37516292043890080C101 /* menuViewDrink.xib */ = {isa = PBXFileReference; lastKnownFileType = file.xib; path = menuViewDrink.xib; sourceTree = "<group>"; };
		03F37519292043980080C101 /* menuViewFood.swift */ = {isa = PBXFileReference; lastKnownFileType = sourcecode.swift; path = menuViewFood.swift; sourceTree = "<group>"; };
		03F3751A292043980080C101 /* menuViewFood.xib */ = {isa = PBXFileReference; lastKnownFileType = file.xib; path = menuViewFood.xib; sourceTree = "<group>"; };
		03F3751D29205A6E0080C101 /* menuTableViewCell.swift */ = {isa = PBXFileReference; lastKnownFileType = sourcecode.swift; path = menuTableViewCell.swift; sourceTree = "<group>"; };
		03F3751E29205A6E0080C101 /* menuTableViewCell.xib */ = {isa = PBXFileReference; lastKnownFileType = file.xib; path = menuTableViewCell.xib; sourceTree = "<group>"; };
		03F3752129205CF60080C101 /* menuModel.swift */ = {isa = PBXFileReference; lastKnownFileType = sourcecode.swift; path = menuModel.swift; sourceTree = "<group>"; };
		03F3752329205F890080C101 /* menuViewTest.swift */ = {isa = PBXFileReference; lastKnownFileType = sourcecode.swift; path = menuViewTest.swift; sourceTree = "<group>"; };
		03F3752429205F890080C101 /* menuViewTest.xib */ = {isa = PBXFileReference; lastKnownFileType = file.xib; path = menuViewTest.xib; sourceTree = "<group>"; };
		03F37527292061940080C101 /* orderViewController.swift */ = {isa = PBXFileReference; lastKnownFileType = sourcecode.swift; path = orderViewController.swift; sourceTree = "<group>"; };
/* End PBXFileReference section */

/* Begin PBXFrameworksBuildPhase section */
		03F374FB2920424D0080C101 /* Frameworks */ = {
			isa = PBXFrameworksBuildPhase;
			buildActionMask = 2147483647;
			files = (
			);
			runOnlyForDeploymentPostprocessing = 0;
		};
/* End PBXFrameworksBuildPhase section */

/* Begin PBXGroup section */
		03F374F52920424D0080C101 = {
			isa = PBXGroup;
			children = (
				03F375002920424D0080C101 /* starbuckOrderMock */,
				03F374FF2920424D0080C101 /* Products */,
			);
			sourceTree = "<group>";
		};
		03F374FF2920424D0080C101 /* Products */ = {
			isa = PBXGroup;
			children = (
				03F374FE2920424D0080C101 /* starbuckOrderMock.app */,
			);
			name = Products;
			sourceTree = "<group>";
		};
		03F375002920424D0080C101 /* starbuckOrderMock */ = {
			isa = PBXGroup;
			children = (
				030EB8452920760B001588F7 /* reference.swift */,
				03F375012920424D0080C101 /* AppDelegate.swift */,
				03F375032920424D0080C101 /* SceneDelegate.swift */,
				03F3752129205CF60080C101 /* menuModel.swift */,
				030EB847292079FC001588F7 /* networkService.swift */,
				03F375052920424D0080C101 /* ViewController.swift */,
				03F375072920424D0080C101 /* Main.storyboard */,
				030EB84929209FAE001588F7 /* Orders.swift */,
				03F37527292061940080C101 /* orderViewController.swift */,
				03F3751E29205A6E0080C101 /* menuTableViewCell.xib */,
				03F3751D29205A6E0080C101 /* menuTableViewCell.swift */,
				030EB84329206F45001588F7 /* menuDetailViewController.swift */,
				030EB84B2920A174001588F7 /* PayViewController.swift */,
				030EB84E2920AC52001588F7 /* orderTableViewCell.xib */,
				030EB84D2920AC52001588F7 /* orderTableViewCell.swift */,
				03F37516292043890080C101 /* menuViewDrink.xib */,
				03F37515292043890080C101 /* menuViewDrink.swift */,
				03F3752429205F890080C101 /* menuViewTest.xib */,
				03F3752329205F890080C101 /* menuViewTest.swift */,
				03F3751A292043980080C101 /* menuViewFood.xib */,
				03F37519292043980080C101 /* menuViewFood.swift */,
				03F3750A2920424E0080C101 /* Assets.xcassets */,
				03F3750C2920424E0080C101 /* LaunchScreen.storyboard */,
				03F3750F2920424E0080C101 /* Info.plist */,
			);
			path = starbuckOrderMock;
			sourceTree = "<group>";
		};
/* End PBXGroup section */

/* Begin PBXNativeTarget section */
		03F374FD2920424D0080C101 /* starbuckOrderMock */ = {
			isa = PBXNativeTarget;
			buildConfigurationList = 03F375122920424E0080C101 /* Build configuration list for PBXNativeTarget "starbuckOrderMock" */;
			buildPhases = (
				03F374FA2920424D0080C101 /* Sources */,
				03F374FB2920424D0080C101 /* Frameworks */,
				03F374FC2920424D0080C101 /* Resources */,
			);
			buildRules = (
			);
			dependencies = (
			);
			name = starbuckOrderMock;
			productName = starbuckOrderMock;
			productReference = 03F374FE2920424D0080C101 /* starbuckOrderMock.app */;
			productType = "com.apple.product-type.application";
		};
/* End PBXNativeTarget section */

/* Begin PBXProject section */
		03F374F62920424D0080C101 /* Project object */ = {
			isa = PBXProject;
			attributes = {
				BuildIndependentTargetsInParallel = 1;
				LastSwiftUpdateCheck = 1320;
				LastUpgradeCheck = 1320;
				TargetAttributes = {
					03F374FD2920424D0080C101 = {
						CreatedOnToolsVersion = 13.2.1;
					};
				};
			};
			buildConfigurationList = 03F374F92920424D0080C101 /* Build configuration list for PBXProject "starbuckOrderMock" */;
			compatibilityVersion = "Xcode 13.0";
			developmentRegion = en;
			hasScannedForEncodings = 0;
			knownRegions = (
				en,
				Base,
			);
			mainGroup = 03F374F52920424D0080C101;
			productRefGroup = 03F374FF2920424D0080C101 /* Products */;
			projectDirPath = "";
			projectRoot = "";
			targets = (
				03F374FD2920424D0080C101 /* starbuckOrderMock */,
			);
		};
/* End PBXProject section */

/* Begin PBXResourcesBuildPhase section */
		03F374FC2920424D0080C101 /* Resources */ = {
			isa = PBXResourcesBuildPhase;
			buildActionMask = 2147483647;
			files = (
				03F3751C292043980080C101 /* menuViewFood.xib in Resources */,
				03F3750E2920424E0080C101 /* LaunchScreen.storyboard in Resources */,
				03F3752029205A6E0080C101 /* menuTableViewCell.xib in Resources */,
				03F3750B2920424E0080C101 /* Assets.xcassets in Resources */,
				03F37518292043890080C101 /* menuViewDrink.xib in Resources */,
				03F3752629205F890080C101 /* menuViewTest.xib in Resources */,
				030EB8502920AC52001588F7 /* orderTableViewCell.xib in Resources */,
				03F375092920424D0080C101 /* Main.storyboard in Resources */,
			);
			runOnlyForDeploymentPostprocessing = 0;
		};
/* End PBXResourcesBuildPhase section */

/* Begin PBXSourcesBuildPhase section */
		03F374FA2920424D0080C101 /* Sources */ = {
			isa = PBXSourcesBuildPhase;
			buildActionMask = 2147483647;
			files = (
				03F375062920424D0080C101 /* ViewController.swift in Sources */,
				030EB84C2920A174001588F7 /* PayViewController.swift in Sources */,
				03F375022920424D0080C101 /* AppDelegate.swift in Sources */,
				03F3752229205CF60080C101 /* menuModel.swift in Sources */,
				030EB84A29209FAE001588F7 /* Orders.swift in Sources */,
				030EB8462920760B001588F7 /* reference.swift in Sources */,
				03F37517292043890080C101 /* menuViewDrink.swift in Sources */,
				03F3751B292043980080C101 /* menuViewFood.swift in Sources */,
				03F3752529205F890080C101 /* menuViewTest.swift in Sources */,
				03F3751F29205A6E0080C101 /* menuTableViewCell.swift in Sources */,
				03F37528292061940080C101 /* orderViewController.swift in Sources */,
				030EB84429206F45001588F7 /* menuDetailViewController.swift in Sources */,
				030EB848292079FC001588F7 /* networkService.swift in Sources */,
				03F375042920424D0080C101 /* SceneDelegate.swift in Sources */,
				030EB84F2920AC52001588F7 /* orderTableViewCell.swift in Sources */,
			);
			runOnlyForDeploymentPostprocessing = 0;
		};
/* End PBXSourcesBuildPhase section */

/* Begin PBXVariantGroup section */
		03F375072920424D0080C101 /* Main.storyboard */ = {
			isa = PBXVariantGroup;
			children = (
				03F375082920424D0080C101 /* Base */,
			);
			name = Main.storyboard;
			sourceTree = "<group>";
		};
		03F3750C2920424E0080C101 /* LaunchScreen.storyboard */ = {
			isa = PBXVariantGroup;
			children = (
				03F3750D2920424E0080C101 /* Base */,
			);
			name = LaunchScreen.storyboard;
			sourceTree = "<group>";
		};
/* End PBXVariantGroup section */

/* Begin XCBuildConfiguration section */
		03F375102920424E0080C101 /* Debug */ = {
			isa = XCBuildConfiguration;
			buildSettings = {
				ALWAYS_SEARCH_USER_PATHS = NO;
				CLANG_ANALYZER_NONNULL = YES;
				CLANG_ANALYZER_NUMBER_OBJECT_CONVERSION = YES_AGGRESSIVE;
				CLANG_CXX_LANGUAGE_STANDARD = "gnu++17";
				CLANG_CXX_LIBRARY = "libc++";
				CLANG_ENABLE_MODULES = YES;
				CLANG_ENABLE_OBJC_ARC = YES;
				CLANG_ENABLE_OBJC_WEAK = YES;
				CLANG_WARN_BLOCK_CAPTURE_AUTORELEASING = YES;
				CLANG_WARN_BOOL_CONVERSION = YES;
				CLANG_WARN_COMMA = YES;
				CLANG_WARN_CONSTANT_CONVERSION = YES;
				CLANG_WARN_DEPRECATED_OBJC_IMPLEMENTATIONS = YES;
				CLANG_WARN_DIRECT_OBJC_ISA_USAGE = YES_ERROR;
				CLANG_WARN_DOCUMENTATION_COMMENTS = YES;
				CLANG_WARN_EMPTY_BODY = YES;
				CLANG_WARN_ENUM_CONVERSION = YES;
				CLANG_WARN_INFINITE_RECURSION = YES;
				CLANG_WARN_INT_CONVERSION = YES;
				CLANG_WARN_NON_LITERAL_NULL_CONVERSION = YES;
				CLANG_WARN_OBJC_IMPLICIT_RETAIN_SELF = YES;
				CLANG_WARN_OBJC_LITERAL_CONVERSION = YES;
				CLANG_WARN_OBJC_ROOT_CLASS = YES_ERROR;
				CLANG_WARN_QUOTED_INCLUDE_IN_FRAMEWORK_HEADER = YES;
				CLANG_WARN_RANGE_LOOP_ANALYSIS = YES;
				CLANG_WARN_STRICT_PROTOTYPES = YES;
				CLANG_WARN_SUSPICIOUS_MOVE = YES;
				CLANG_WARN_UNGUARDED_AVAILABILITY = YES_AGGRESSIVE;
				CLANG_WARN_UNREACHABLE_CODE = YES;
				CLANG_WARN__DUPLICATE_METHOD_MATCH = YES;
				COPY_PHASE_STRIP = NO;
				DEBUG_INFORMATION_FORMAT = dwarf;
				ENABLE_STRICT_OBJC_MSGSEND = YES;
				ENABLE_TESTABILITY = YES;
				GCC_C_LANGUAGE_STANDARD = gnu11;
				GCC_DYNAMIC_NO_PIC = NO;
				GCC_NO_COMMON_BLOCKS = YES;
				GCC_OPTIMIZATION_LEVEL = 0;
				GCC_PREPROCESSOR_DEFINITIONS = (
					"DEBUG=1",
					"$(inherited)",
				);
				GCC_WARN_64_TO_32_BIT_CONVERSION = YES;
				GCC_WARN_ABOUT_RETURN_TYPE = YES_ERROR;
				GCC_WARN_UNDECLARED_SELECTOR = YES;
				GCC_WARN_UNINITIALIZED_AUTOS = YES_AGGRESSIVE;
				GCC_WARN_UNUSED_FUNCTION = YES;
				GCC_WARN_UNUSED_VARIABLE = YES;
				IPHONEOS_DEPLOYMENT_TARGET = 15.2;
				MTL_ENABLE_DEBUG_INFO = INCLUDE_SOURCE;
				MTL_FAST_MATH = YES;
				ONLY_ACTIVE_ARCH = YES;
				SDKROOT = iphoneos;
				SWIFT_ACTIVE_COMPILATION_CONDITIONS = DEBUG;
				SWIFT_OPTIMIZATION_LEVEL = "-Onone";
			};
			name = Debug;
		};
		03F375112920424E0080C101 /* Release */ = {
			isa = XCBuildConfiguration;
			buildSettings = {
				ALWAYS_SEARCH_USER_PATHS = NO;
				CLANG_ANALYZER_NONNULL = YES;
				CLANG_ANALYZER_NUMBER_OBJECT_CONVERSION = YES_AGGRESSIVE;
				CLANG_CXX_LANGUAGE_STANDARD = "gnu++17";
				CLANG_CXX_LIBRARY = "libc++";
				CLANG_ENABLE_MODULES = YES;
				CLANG_ENABLE_OBJC_ARC = YES;
				CLANG_ENABLE_OBJC_WEAK = YES;
				CLANG_WARN_BLOCK_CAPTURE_AUTORELEASING = YES;
				CLANG_WARN_BOOL_CONVERSION = YES;
				CLANG_WARN_COMMA = YES;
				CLANG_WARN_CONSTANT_CONVERSION = YES;
				CLANG_WARN_DEPRECATED_OBJC_IMPLEMENTATIONS = YES;
				CLANG_WARN_DIRECT_OBJC_ISA_USAGE = YES_ERROR;
				CLANG_WARN_DOCUMENTATION_COMMENTS = YES;
				CLANG_WARN_EMPTY_BODY = YES;
				CLANG_WARN_ENUM_CONVERSION = YES;
				CLANG_WARN_INFINITE_RECURSION = YES;
				CLANG_WARN_INT_CONVERSION = YES;
				CLANG_WARN_NON_LITERAL_NULL_CONVERSION = YES;
				CLANG_WARN_OBJC_IMPLICIT_RETAIN_SELF = YES;
				CLANG_WARN_OBJC_LITERAL_CONVERSION = YES;
				CLANG_WARN_OBJC_ROOT_CLASS = YES_ERROR;
				CLANG_WARN_QUOTED_INCLUDE_IN_FRAMEWORK_HEADER = YES;
				CLANG_WARN_RANGE_LOOP_ANALYSIS = YES;
				CLANG_WARN_STRICT_PROTOTYPES = YES;
				CLANG_WARN_SUSPICIOUS_MOVE = YES;
				CLANG_WARN_UNGUARDED_AVAILABILITY = YES_AGGRESSIVE;
				CLANG_WARN_UNREACHABLE_CODE = YES;
				CLANG_WARN__DUPLICATE_METHOD_MATCH = YES;
				COPY_PHASE_STRIP = NO;
				DEBUG_INFORMATION_FORMAT = "dwarf-with-dsym";
				ENABLE_NS_ASSERTIONS = NO;
				ENABLE_STRICT_OBJC_MSGSEND = YES;
				GCC_C_LANGUAGE_STANDARD = gnu11;
				GCC_NO_COMMON_BLOCKS = YES;
				GCC_WARN_64_TO_32_BIT_CONVERSION = YES;
				GCC_WARN_ABOUT_RETURN_TYPE = YES_ERROR;
				GCC_WARN_UNDECLARED_SELECTOR = YES;
				GCC_WARN_UNINITIALIZED_AUTOS = YES_AGGRESSIVE;
				GCC_WARN_UNUSED_FUNCTION = YES;
				GCC_WARN_UNUSED_VARIABLE = YES;
				IPHONEOS_DEPLOYMENT_TARGET = 15.2;
				MTL_ENABLE_DEBUG_INFO = NO;
				MTL_FAST_MATH = YES;
				SDKROOT = iphoneos;
				SWIFT_COMPILATION_MODE = wholemodule;
				SWIFT_OPTIMIZATION_LEVEL = "-O";
				VALIDATE_PRODUCT = YES;
			};
			name = Release;
		};
		03F375132920424E0080C101 /* Debug */ = {
			isa = XCBuildConfiguration;
			buildSettings = {
				ASSETCATALOG_COMPILER_APPICON_NAME = AppIcon;
				ASSETCATALOG_COMPILER_GLOBAL_ACCENT_COLOR_NAME = AccentColor;
				CODE_SIGN_STYLE = Automatic;
				CURRENT_PROJECT_VERSION = 1;
				DEVELOPMENT_TEAM = 6225DX9457;
				GENERATE_INFOPLIST_FILE = YES;
				INFOPLIST_FILE = starbuckOrderMock/Info.plist;
				INFOPLIST_KEY_UIApplicationSupportsIndirectInputEvents = YES;
				INFOPLIST_KEY_UILaunchStoryboardName = LaunchScreen;
				INFOPLIST_KEY_UIMainStoryboardFile = Main;
				INFOPLIST_KEY_UISupportedInterfaceOrientations_iPad = "UIInterfaceOrientationPortrait UIInterfaceOrientationPortraitUpsideDown UIInterfaceOrientationLandscapeLeft UIInterfaceOrientationLandscapeRight";
				INFOPLIST_KEY_UISupportedInterfaceOrientations_iPhone = "UIInterfaceOrientationPortrait UIInterfaceOrientationLandscapeLeft UIInterfaceOrientationLandscapeRight";
				LD_RUNPATH_SEARCH_PATHS = (
					"$(inherited)",
					"@executable_path/Frameworks",
				);
				MARKETING_VERSION = 1.0;
				PRODUCT_BUNDLE_IDENTIFIER = JaehoBe.starbuckOrderMock;
				PRODUCT_NAME = "$(TARGET_NAME)";
				SWIFT_EMIT_LOC_STRINGS = YES;
				SWIFT_VERSION = 5.0;
				TARGETED_DEVICE_FAMILY = 1;
			};
			name = Debug;
		};
		03F375142920424E0080C101 /* Release */ = {
			isa = XCBuildConfiguration;
			buildSettings = {
				ASSETCATALOG_COMPILER_APPICON_NAME = AppIcon;
				ASSETCATALOG_COMPILER_GLOBAL_ACCENT_COLOR_NAME = AccentColor;
				CODE_SIGN_STYLE = Automatic;
				CURRENT_PROJECT_VERSION = 1;
				DEVELOPMENT_TEAM = 6225DX9457;
				GENERATE_INFOPLIST_FILE = YES;
				INFOPLIST_FILE = starbuckOrderMock/Info.plist;
				INFOPLIST_KEY_UIApplicationSupportsIndirectInputEvents = YES;
				INFOPLIST_KEY_UILaunchStoryboardName = LaunchScreen;
				INFOPLIST_KEY_UIMainStoryboardFile = Main;
				INFOPLIST_KEY_UISupportedInterfaceOrientations_iPad = "UIInterfaceOrientationPortrait UIInterfaceOrientationPortraitUpsideDown UIInterfaceOrientationLandscapeLeft UIInterfaceOrientationLandscapeRight";
				INFOPLIST_KEY_UISupportedInterfaceOrientations_iPhone = "UIInterfaceOrientationPortrait UIInterfaceOrientationLandscapeLeft UIInterfaceOrientationLandscapeRight";
				LD_RUNPATH_SEARCH_PATHS = (
					"$(inherited)",
					"@executable_path/Frameworks",
				);
				MARKETING_VERSION = 1.0;
				PRODUCT_BUNDLE_IDENTIFIER = JaehoBe.starbuckOrderMock;
				PRODUCT_NAME = "$(TARGET_NAME)";
				SWIFT_EMIT_LOC_STRINGS = YES;
				SWIFT_VERSION = 5.0;
				TARGETED_DEVICE_FAMILY = 1;
			};
			name = Release;
		};
/* End XCBuildConfiguration section */

/* Begin XCConfigurationList section */
		03F374F92920424D0080C101 /* Build configuration list for PBXProject "starbuckOrderMock" */ = {
			isa = XCConfigurationList;
			buildConfigurations = (
				03F375102920424E0080C101 /* Debug */,
				03F375112920424E0080C101 /* Release */,
			);
			defaultConfigurationIsVisible = 0;
			defaultConfigurationName = Release;
		};
		03F375122920424E0080C101 /* Build configuration list for PBXNativeTarget "starbuckOrderMock" */ = {
			isa = XCConfigurationList;
			buildConfigurations = (
				03F375132920424E0080C101 /* Debug */,
				03F375142920424E0080C101 /* Release */,
			);
			defaultConfigurationIsVisible = 0;
			defaultConfigurationName = Release;
		};
/* End XCConfigurationList section */
	};
	rootObject = 03F374F62920424D0080C101 /* Project object */;
}
